
Microsoft Visual Studio Solution File, Format Version 12.00
# Visual Studio Version 17
VisualStudioVersion = 17.9.34728.123
MinimumVisualStudioVersion = 10.0.40219.1
Project("{FAE04EC0-301F-11D3-BF4B-00C04F79EFBC}") = "WebAppemployees", "WebAppemployees\WebAppemployees.csproj", "{0126C463-5247-4A0A-92B8-40D76C23F233}"
EndProject
Global
	GlobalSection(SolutionConfigurationPlatforms) = preSolution
		Debug|Any CPU = Debug|Any CPU
		Release|Any CPU = Release|Any CPU
	EndGlobalSection
	GlobalSection(ProjectConfigurationPlatforms) = postSolution
		{0126C463-5247-4A0A-92B8-40D76C23F233}.Debug|Any CPU.ActiveCfg = Debug|Any CPU
		{0126C463-5247-4A0A-92B8-40D76C23F233}.Debug|Any CPU.Build.0 = Debug|Any CPU
		{0126C463-5247-4A0A-92B8-40D76C23F233}.Release|Any CPU.ActiveCfg = Release|Any CPU
		{0126C463-5247-4A0A-92B8-40D76C23F233}.Release|Any CPU.Build.0 = Release|Any CPU
	EndGlobalSection
	GlobalSection(SolutionProperties) = preSolution
		HideSolutionNode = FALSE
	EndGlobalSection
	GlobalSection(ExtensibilityGlobals) = postSolution
		SolutionGuid = {0AE9B771-937E-49FD-B592-4B6C07BCCE4C}
	EndGlobalSection
EndGlobal
